// !$*UTF8*$!
{
	archiveVersion = 1;
	classes = {
	};
	objectVersion = 56;
	objects = {

/* Begin PBXBuildFile section */
		4F3739872A23F564003CE29C /* AppDelegate.swift in Sources */ = {isa = PBXBuildFile; fileRef = 4F3739862A23F564003CE29C /* AppDelegate.swift */; };
		4F3739892A23F564003CE29C /* SceneDelegate.swift in Sources */ = {isa = PBXBuildFile; fileRef = 4F3739882A23F564003CE29C /* SceneDelegate.swift */; };
		4F37398B2A23F564003CE29C /* ImageListViewController.swift in Sources */ = {isa = PBXBuildFile; fileRef = 4F37398A2A23F564003CE29C /* ImageListViewController.swift */; };
		4F37398E2A23F564003CE29C /* Main.storyboard in Resources */ = {isa = PBXBuildFile; fileRef = 4F37398C2A23F564003CE29C /* Main.storyboard */; };
		4F3739902A23F566003CE29C /* Assets.xcassets in Resources */ = {isa = PBXBuildFile; fileRef = 4F37398F2A23F566003CE29C /* Assets.xcassets */; };
		4F3739932A23F566003CE29C /* LaunchScreen.storyboard in Resources */ = {isa = PBXBuildFile; fileRef = 4F3739912A23F566003CE29C /* LaunchScreen.storyboard */; };
		4F492A4D2A9018B5003F833A /* ProgressHUD in Frameworks */ = {isa = PBXBuildFile; productRef = 4F492A4C2A9018B5003F833A /* ProgressHUD */; };
		4F492A4F2A902361003F833A /* UIBlockingProgressHUD.swift in Sources */ = {isa = PBXBuildFile; fileRef = 4F492A4E2A902361003F833A /* UIBlockingProgressHUD.swift */; };
		4F9562B92A74287200115893 /* Constants.swift in Sources */ = {isa = PBXBuildFile; fileRef = 4F9562B82A74287200115893 /* Constants.swift */; };
		4F9562BB2A75B92800115893 /* AuthViewController.swift in Sources */ = {isa = PBXBuildFile; fileRef = 4F9562BA2A75B92800115893 /* AuthViewController.swift */; };
		4F9562BE2A76EC1700115893 /* WebViewViewController.swift in Sources */ = {isa = PBXBuildFile; fileRef = 4F9562BD2A76EC1700115893 /* WebViewViewController.swift */; };
		4F9562C12A78582000115893 /* OAuthTokenResponseBody.swift in Sources */ = {isa = PBXBuildFile; fileRef = 4F9562C02A78582000115893 /* OAuthTokenResponseBody.swift */; };
		4F9562C32A7858CC00115893 /* OAuth2Service.swift in Sources */ = {isa = PBXBuildFile; fileRef = 4F9562C22A7858CC00115893 /* OAuth2Service.swift */; };
		4F9562C52A80244C00115893 /* SplashViewController.swift in Sources */ = {isa = PBXBuildFile; fileRef = 4F9562C42A80244C00115893 /* SplashViewController.swift */; };
		4F9562C72A85799300115893 /* OAuth2TokenStorage.swift in Sources */ = {isa = PBXBuildFile; fileRef = 4F9562C62A85799300115893 /* OAuth2TokenStorage.swift */; };
		4F9562C92A8581B400115893 /* URLRequest.swift in Sources */ = {isa = PBXBuildFile; fileRef = 4F9562C82A8581B400115893 /* URLRequest.swift */; };
		4F9562CB2A85824800115893 /* URLSession.swift in Sources */ = {isa = PBXBuildFile; fileRef = 4F9562CA2A85824800115893 /* URLSession.swift */; };
		4FA1AB432A423572000A41DC /* ProfileViewController.swift in Sources */ = {isa = PBXBuildFile; fileRef = 4FA1AB422A423572000A41DC /* ProfileViewController.swift */; };
		4FA1AB452A425838000A41DC /* SingleImageViewController.swift in Sources */ = {isa = PBXBuildFile; fileRef = 4FA1AB442A425838000A41DC /* SingleImageViewController.swift */; };
		4FB1DB822A2D09E200FC6C25 /* ImagesListCell.swift in Sources */ = {isa = PBXBuildFile; fileRef = 4FB1DB812A2D09E200FC6C25 /* ImagesListCell.swift */; };
/* End PBXBuildFile section */

/* Begin PBXFileReference section */
		4F3739832A23F564003CE29C /* ImageFeed.app */ = {isa = PBXFileReference; explicitFileType = wrapper.application; includeInIndex = 0; path = ImageFeed.app; sourceTree = BUILT_PRODUCTS_DIR; };
		4F3739862A23F564003CE29C /* AppDelegate.swift */ = {isa = PBXFileReference; lastKnownFileType = sourcecode.swift; path = AppDelegate.swift; sourceTree = "<group>"; };
		4F3739882A23F564003CE29C /* SceneDelegate.swift */ = {isa = PBXFileReference; lastKnownFileType = sourcecode.swift; path = SceneDelegate.swift; sourceTree = "<group>"; };
		4F37398A2A23F564003CE29C /* ImageListViewController.swift */ = {isa = PBXFileReference; lastKnownFileType = sourcecode.swift; path = ImageListViewController.swift; sourceTree = "<group>"; };
		4F37398D2A23F564003CE29C /* Base */ = {isa = PBXFileReference; lastKnownFileType = file.storyboard; name = Base; path = Base.lproj/Main.storyboard; sourceTree = "<group>"; };
		4F37398F2A23F566003CE29C /* Assets.xcassets */ = {isa = PBXFileReference; lastKnownFileType = folder.assetcatalog; path = Assets.xcassets; sourceTree = "<group>"; };
		4F3739922A23F566003CE29C /* Base */ = {isa = PBXFileReference; lastKnownFileType = file.storyboard; name = Base; path = Base.lproj/LaunchScreen.storyboard; sourceTree = "<group>"; };
		4F3739942A23F566003CE29C /* Info.plist */ = {isa = PBXFileReference; lastKnownFileType = text.plist.xml; path = Info.plist; sourceTree = "<group>"; };
		4F492A4E2A902361003F833A /* UIBlockingProgressHUD.swift */ = {isa = PBXFileReference; lastKnownFileType = sourcecode.swift; path = UIBlockingProgressHUD.swift; sourceTree = "<group>"; };
		4F9562B82A74287200115893 /* Constants.swift */ = {isa = PBXFileReference; lastKnownFileType = sourcecode.swift; path = Constants.swift; sourceTree = "<group>"; };
		4F9562BA2A75B92800115893 /* AuthViewController.swift */ = {isa = PBXFileReference; lastKnownFileType = sourcecode.swift; path = AuthViewController.swift; sourceTree = "<group>"; };
		4F9562BD2A76EC1700115893 /* WebViewViewController.swift */ = {isa = PBXFileReference; lastKnownFileType = sourcecode.swift; path = WebViewViewController.swift; sourceTree = "<group>"; };
		4F9562C02A78582000115893 /* OAuthTokenResponseBody.swift */ = {isa = PBXFileReference; lastKnownFileType = sourcecode.swift; path = OAuthTokenResponseBody.swift; sourceTree = "<group>"; };
		4F9562C22A7858CC00115893 /* OAuth2Service.swift */ = {isa = PBXFileReference; lastKnownFileType = sourcecode.swift; path = OAuth2Service.swift; sourceTree = "<group>"; };
		4F9562C42A80244C00115893 /* SplashViewController.swift */ = {isa = PBXFileReference; lastKnownFileType = sourcecode.swift; path = SplashViewController.swift; sourceTree = "<group>"; };
		4F9562C62A85799300115893 /* OAuth2TokenStorage.swift */ = {isa = PBXFileReference; lastKnownFileType = sourcecode.swift; path = OAuth2TokenStorage.swift; sourceTree = "<group>"; };
		4F9562C82A8581B400115893 /* URLRequest.swift */ = {isa = PBXFileReference; lastKnownFileType = sourcecode.swift; path = URLRequest.swift; sourceTree = "<group>"; };
		4F9562CA2A85824800115893 /* URLSession.swift */ = {isa = PBXFileReference; lastKnownFileType = sourcecode.swift; path = URLSession.swift; sourceTree = "<group>"; };
		4FA1AB422A423572000A41DC /* ProfileViewController.swift */ = {isa = PBXFileReference; lastKnownFileType = sourcecode.swift; path = ProfileViewController.swift; sourceTree = "<group>"; };
		4FA1AB442A425838000A41DC /* SingleImageViewController.swift */ = {isa = PBXFileReference; lastKnownFileType = sourcecode.swift; path = SingleImageViewController.swift; sourceTree = "<group>"; };
		4FB1DB812A2D09E200FC6C25 /* ImagesListCell.swift */ = {isa = PBXFileReference; lastKnownFileType = sourcecode.swift; path = ImagesListCell.swift; sourceTree = "<group>"; };
/* End PBXFileReference section */

/* Begin PBXFrameworksBuildPhase section */
		4F3739802A23F564003CE29C /* Frameworks */ = {
			isa = PBXFrameworksBuildPhase;
			buildActionMask = 2147483647;
			files = (
				4F492A4D2A9018B5003F833A /* ProgressHUD in Frameworks */,
			);
			runOnlyForDeploymentPostprocessing = 0;
		};
/* End PBXFrameworksBuildPhase section */

/* Begin PBXGroup section */
		4F37397A2A23F564003CE29C = {
			isa = PBXGroup;
			children = (
				4F3739852A23F564003CE29C /* ImageFeed */,
				4F3739842A23F564003CE29C /* Products */,
			);
			sourceTree = "<group>";
		};
		4F3739842A23F564003CE29C /* Products */ = {
			isa = PBXGroup;
			children = (
				4F3739832A23F564003CE29C /* ImageFeed.app */,
			);
			name = Products;
			sourceTree = "<group>";
		};
		4F3739852A23F564003CE29C /* ImageFeed */ = {
			isa = PBXGroup;
			children = (
				4F9562BF2A78581100115893 /* OAuth */,
				4F9562BC2A76EB7300115893 /* Auth */,
				4FA1AB462A425999000A41DC /* SingleImage */,
				4FA1AB412A42355A000A41DC /* ProfileView */,
				4F3739862A23F564003CE29C /* AppDelegate.swift */,
				4F3739882A23F564003CE29C /* SceneDelegate.swift */,
				4F37398C2A23F564003CE29C /* Main.storyboard */,
				4F37398F2A23F566003CE29C /* Assets.xcassets */,
				4F3739912A23F566003CE29C /* LaunchScreen.storyboard */,
				4F3739942A23F566003CE29C /* Info.plist */,
				4FB1DB832A2D0A1F00FC6C25 /* ImagesList */,
				4F9562B82A74287200115893 /* Constants.swift */,
				4F9562C42A80244C00115893 /* SplashViewController.swift */,
				4F492A4E2A902361003F833A /* UIBlockingProgressHUD.swift */,
			);
			path = ImageFeed;
			sourceTree = "<group>";
		};
		4F9562BC2A76EB7300115893 /* Auth */ = {
			isa = PBXGroup;
			children = (
				4F9562BA2A75B92800115893 /* AuthViewController.swift */,
				4F9562BD2A76EC1700115893 /* WebViewViewController.swift */,
			);
			path = Auth;
			sourceTree = "<group>";
		};
		4F9562BF2A78581100115893 /* OAuth */ = {
			isa = PBXGroup;
			children = (
				4F9562C02A78582000115893 /* OAuthTokenResponseBody.swift */,
				4F9562C22A7858CC00115893 /* OAuth2Service.swift */,
				4F9562C62A85799300115893 /* OAuth2TokenStorage.swift */,
				4F9562C82A8581B400115893 /* URLRequest.swift */,
				4F9562CA2A85824800115893 /* URLSession.swift */,
			);
			path = OAuth;
			sourceTree = "<group>";
		};
		4FA1AB412A42355A000A41DC /* ProfileView */ = {
			isa = PBXGroup;
			children = (
				4FA1AB422A423572000A41DC /* ProfileViewController.swift */,
			);
			path = ProfileView;
			sourceTree = "<group>";
		};
		4FA1AB462A425999000A41DC /* SingleImage */ = {
			isa = PBXGroup;
			children = (
				4FA1AB442A425838000A41DC /* SingleImageViewController.swift */,
			);
			path = SingleImage;
			sourceTree = "<group>";
		};
		4FB1DB832A2D0A1F00FC6C25 /* ImagesList */ = {
			isa = PBXGroup;
			children = (
				4FB1DB812A2D09E200FC6C25 /* ImagesListCell.swift */,
				4F37398A2A23F564003CE29C /* ImageListViewController.swift */,
			);
			path = ImagesList;
			sourceTree = "<group>";
		};
/* End PBXGroup section */

/* Begin PBXNativeTarget section */
		4F3739822A23F564003CE29C /* ImageFeed */ = {
			isa = PBXNativeTarget;
			buildConfigurationList = 4F3739972A23F566003CE29C /* Build configuration list for PBXNativeTarget "ImageFeed" */;
			buildPhases = (
				4F37397F2A23F564003CE29C /* Sources */,
				4F3739802A23F564003CE29C /* Frameworks */,
				4F3739812A23F564003CE29C /* Resources */,
			);
			buildRules = (
			);
			dependencies = (
			);
			name = ImageFeed;
			packageProductDependencies = (
				4F492A4C2A9018B5003F833A /* ProgressHUD */,
			);
			productName = ImageFeed;
			productReference = 4F3739832A23F564003CE29C /* ImageFeed.app */;
			productType = "com.apple.product-type.application";
		};
/* End PBXNativeTarget section */

/* Begin PBXProject section */
		4F37397B2A23F564003CE29C /* Project object */ = {
			isa = PBXProject;
			attributes = {
				BuildIndependentTargetsInParallel = 1;
				LastSwiftUpdateCheck = 1430;
				LastUpgradeCheck = 1430;
				TargetAttributes = {
					4F3739822A23F564003CE29C = {
						CreatedOnToolsVersion = 14.3;
					};
				};
			};
			buildConfigurationList = 4F37397E2A23F564003CE29C /* Build configuration list for PBXProject "ImageFeed" */;
			compatibilityVersion = "Xcode 14.0";
			developmentRegion = en;
			hasScannedForEncodings = 0;
			knownRegions = (
				en,
				Base,
			);
			mainGroup = 4F37397A2A23F564003CE29C;
			packageReferences = (
				4F492A4B2A9018B5003F833A /* XCRemoteSwiftPackageReference "ProgressHUD" */,
			);
			productRefGroup = 4F3739842A23F564003CE29C /* Products */;
			projectDirPath = "";
			projectRoot = "";
			targets = (
				4F3739822A23F564003CE29C /* ImageFeed */,
			);
		};
/* End PBXProject section */

/* Begin PBXResourcesBuildPhase section */
		4F3739812A23F564003CE29C /* Resources */ = {
			isa = PBXResourcesBuildPhase;
			buildActionMask = 2147483647;
			files = (
				4F3739932A23F566003CE29C /* LaunchScreen.storyboard in Resources */,
				4F3739902A23F566003CE29C /* Assets.xcassets in Resources */,
				4F37398E2A23F564003CE29C /* Main.storyboard in Resources */,
			);
			runOnlyForDeploymentPostprocessing = 0;
		};
/* End PBXResourcesBuildPhase section */

/* Begin PBXSourcesBuildPhase section */
		4F37397F2A23F564003CE29C /* Sources */ = {
			isa = PBXSourcesBuildPhase;
			buildActionMask = 2147483647;
			files = (
				4F37398B2A23F564003CE29C /* ImageListViewController.swift in Sources */,
				4F9562C92A8581B400115893 /* URLRequest.swift in Sources */,
				4F9562CB2A85824800115893 /* URLSession.swift in Sources */,
				4F492A4F2A902361003F833A /* UIBlockingProgressHUD.swift in Sources */,
				4FB1DB822A2D09E200FC6C25 /* ImagesListCell.swift in Sources */,
				4FA1AB432A423572000A41DC /* ProfileViewController.swift in Sources */,
				4F9562C52A80244C00115893 /* SplashViewController.swift in Sources */,
				4F3739872A23F564003CE29C /* AppDelegate.swift in Sources */,
				4F9562C32A7858CC00115893 /* OAuth2Service.swift in Sources */,
				4F9562C12A78582000115893 /* OAuthTokenResponseBody.swift in Sources */,
				4F9562BB2A75B92800115893 /* AuthViewController.swift in Sources */,
				4F9562B92A74287200115893 /* Constants.swift in Sources */,
				4FA1AB452A425838000A41DC /* SingleImageViewController.swift in Sources */,
				4F9562BE2A76EC1700115893 /* WebViewViewController.swift in Sources */,
				4F9562C72A85799300115893 /* OAuth2TokenStorage.swift in Sources */,
				4F3739892A23F564003CE29C /* SceneDelegate.swift in Sources */,
			);
			runOnlyForDeploymentPostprocessing = 0;
		};
/* End PBXSourcesBuildPhase section */

/* Begin PBXVariantGroup section */
		4F37398C2A23F564003CE29C /* Main.storyboard */ = {
			isa = PBXVariantGroup;
			children = (
				4F37398D2A23F564003CE29C /* Base */,
			);
			name = Main.storyboard;
			sourceTree = "<group>";
		};
		4F3739912A23F566003CE29C /* LaunchScreen.storyboard */ = {
			isa = PBXVariantGroup;
			children = (
				4F3739922A23F566003CE29C /* Base */,
			);
			name = LaunchScreen.storyboard;
			sourceTree = "<group>";
		};
/* End PBXVariantGroup section */

/* Begin XCBuildConfiguration section */
		4F3739952A23F566003CE29C /* Debug */ = {
			isa = XCBuildConfiguration;
			buildSettings = {
				ALWAYS_SEARCH_USER_PATHS = NO;
				CLANG_ANALYZER_NONNULL = YES;
				CLANG_ANALYZER_NUMBER_OBJECT_CONVERSION = YES_AGGRESSIVE;
				CLANG_CXX_LANGUAGE_STANDARD = "gnu++20";
				CLANG_ENABLE_MODULES = YES;
				CLANG_ENABLE_OBJC_ARC = YES;
				CLANG_ENABLE_OBJC_WEAK = YES;
				CLANG_WARN_BLOCK_CAPTURE_AUTORELEASING = YES;
				CLANG_WARN_BOOL_CONVERSION = YES;
				CLANG_WARN_COMMA = YES;
				CLANG_WARN_CONSTANT_CONVERSION = YES;
				CLANG_WARN_DEPRECATED_OBJC_IMPLEMENTATIONS = YES;
				CLANG_WARN_DIRECT_OBJC_ISA_USAGE = YES_ERROR;
				CLANG_WARN_DOCUMENTATION_COMMENTS = YES;
				CLANG_WARN_EMPTY_BODY = YES;
				CLANG_WARN_ENUM_CONVERSION = YES;
				CLANG_WARN_INFINITE_RECURSION = YES;
				CLANG_WARN_INT_CONVERSION = YES;
				CLANG_WARN_NON_LITERAL_NULL_CONVERSION = YES;
				CLANG_WARN_OBJC_IMPLICIT_RETAIN_SELF = YES;
				CLANG_WARN_OBJC_LITERAL_CONVERSION = YES;
				CLANG_WARN_OBJC_ROOT_CLASS = YES_ERROR;
				CLANG_WARN_QUOTED_INCLUDE_IN_FRAMEWORK_HEADER = YES;
				CLANG_WARN_RANGE_LOOP_ANALYSIS = YES;
				CLANG_WARN_STRICT_PROTOTYPES = YES;
				CLANG_WARN_SUSPICIOUS_MOVE = YES;
				CLANG_WARN_UNGUARDED_AVAILABILITY = YES_AGGRESSIVE;
				CLANG_WARN_UNREACHABLE_CODE = YES;
				CLANG_WARN__DUPLICATE_METHOD_MATCH = YES;
				COPY_PHASE_STRIP = NO;
				DEBUG_INFORMATION_FORMAT = dwarf;
				ENABLE_STRICT_OBJC_MSGSEND = YES;
				ENABLE_TESTABILITY = YES;
				GCC_C_LANGUAGE_STANDARD = gnu11;
				GCC_DYNAMIC_NO_PIC = NO;
				GCC_NO_COMMON_BLOCKS = YES;
				GCC_OPTIMIZATION_LEVEL = 0;
				GCC_PREPROCESSOR_DEFINITIONS = (
					"DEBUG=1",
					"$(inherited)",
				);
				GCC_WARN_64_TO_32_BIT_CONVERSION = YES;
				GCC_WARN_ABOUT_RETURN_TYPE = YES_ERROR;
				GCC_WARN_UNDECLARED_SELECTOR = YES;
				GCC_WARN_UNINITIALIZED_AUTOS = YES_AGGRESSIVE;
				GCC_WARN_UNUSED_FUNCTION = YES;
				GCC_WARN_UNUSED_VARIABLE = YES;
				IPHONEOS_DEPLOYMENT_TARGET = 16.4;
				MTL_ENABLE_DEBUG_INFO = INCLUDE_SOURCE;
				MTL_FAST_MATH = YES;
				ONLY_ACTIVE_ARCH = YES;
				SDKROOT = iphoneos;
				SWIFT_ACTIVE_COMPILATION_CONDITIONS = DEBUG;
				SWIFT_OPTIMIZATION_LEVEL = "-Onone";
			};
			name = Debug;
		};
		4F3739962A23F566003CE29C /* Release */ = {
			isa = XCBuildConfiguration;
			buildSettings = {
				ALWAYS_SEARCH_USER_PATHS = NO;
				CLANG_ANALYZER_NONNULL = YES;
				CLANG_ANALYZER_NUMBER_OBJECT_CONVERSION = YES_AGGRESSIVE;
				CLANG_CXX_LANGUAGE_STANDARD = "gnu++20";
				CLANG_ENABLE_MODULES = YES;
				CLANG_ENABLE_OBJC_ARC = YES;
				CLANG_ENABLE_OBJC_WEAK = YES;
				CLANG_WARN_BLOCK_CAPTURE_AUTORELEASING = YES;
				CLANG_WARN_BOOL_CONVERSION = YES;
				CLANG_WARN_COMMA = YES;
				CLANG_WARN_CONSTANT_CONVERSION = YES;
				CLANG_WARN_DEPRECATED_OBJC_IMPLEMENTATIONS = YES;
				CLANG_WARN_DIRECT_OBJC_ISA_USAGE = YES_ERROR;
				CLANG_WARN_DOCUMENTATION_COMMENTS = YES;
				CLANG_WARN_EMPTY_BODY = YES;
				CLANG_WARN_ENUM_CONVERSION = YES;
				CLANG_WARN_INFINITE_RECURSION = YES;
				CLANG_WARN_INT_CONVERSION = YES;
				CLANG_WARN_NON_LITERAL_NULL_CONVERSION = YES;
				CLANG_WARN_OBJC_IMPLICIT_RETAIN_SELF = YES;
				CLANG_WARN_OBJC_LITERAL_CONVERSION = YES;
				CLANG_WARN_OBJC_ROOT_CLASS = YES_ERROR;
				CLANG_WARN_QUOTED_INCLUDE_IN_FRAMEWORK_HEADER = YES;
				CLANG_WARN_RANGE_LOOP_ANALYSIS = YES;
				CLANG_WARN_STRICT_PROTOTYPES = YES;
				CLANG_WARN_SUSPICIOUS_MOVE = YES;
				CLANG_WARN_UNGUARDED_AVAILABILITY = YES_AGGRESSIVE;
				CLANG_WARN_UNREACHABLE_CODE = YES;
				CLANG_WARN__DUPLICATE_METHOD_MATCH = YES;
				COPY_PHASE_STRIP = NO;
				DEBUG_INFORMATION_FORMAT = "dwarf-with-dsym";
				ENABLE_NS_ASSERTIONS = NO;
				ENABLE_STRICT_OBJC_MSGSEND = YES;
				GCC_C_LANGUAGE_STANDARD = gnu11;
				GCC_NO_COMMON_BLOCKS = YES;
				GCC_WARN_64_TO_32_BIT_CONVERSION = YES;
				GCC_WARN_ABOUT_RETURN_TYPE = YES_ERROR;
				GCC_WARN_UNDECLARED_SELECTOR = YES;
				GCC_WARN_UNINITIALIZED_AUTOS = YES_AGGRESSIVE;
				GCC_WARN_UNUSED_FUNCTION = YES;
				GCC_WARN_UNUSED_VARIABLE = YES;
				IPHONEOS_DEPLOYMENT_TARGET = 16.4;
				MTL_ENABLE_DEBUG_INFO = NO;
				MTL_FAST_MATH = YES;
				SDKROOT = iphoneos;
				SWIFT_COMPILATION_MODE = wholemodule;
				SWIFT_OPTIMIZATION_LEVEL = "-O";
				VALIDATE_PRODUCT = YES;
			};
			name = Release;
		};
		4F3739982A23F566003CE29C /* Debug */ = {
			isa = XCBuildConfiguration;
			buildSettings = {
				ASSETCATALOG_COMPILER_APPICON_NAME = AppIcon;
				ASSETCATALOG_COMPILER_GLOBAL_ACCENT_COLOR_NAME = AccentColor;
				CODE_SIGN_STYLE = Automatic;
				CURRENT_PROJECT_VERSION = 1;
				DEVELOPMENT_TEAM = 3RT5L7K2N8;
				GENERATE_INFOPLIST_FILE = YES;
				INFOPLIST_FILE = ImageFeed/Info.plist;
				INFOPLIST_KEY_UIApplicationSupportsIndirectInputEvents = YES;
				INFOPLIST_KEY_UILaunchStoryboardName = LaunchScreen;
				INFOPLIST_KEY_UIMainStoryboardFile = Main;
				INFOPLIST_KEY_UISupportedInterfaceOrientations = UIInterfaceOrientationPortrait;
				INFOPLIST_KEY_UISupportedInterfaceOrientations_iPad = "UIInterfaceOrientationLandscapeLeft UIInterfaceOrientationLandscapeRight UIInterfaceOrientationPortrait";
				IPHONEOS_DEPLOYMENT_TARGET = 13.0;
				LD_RUNPATH_SEARCH_PATHS = (
					"$(inherited)",
					"@executable_path/Frameworks",
				);
				MARKETING_VERSION = 1.0;
				PRODUCT_BUNDLE_IDENTIFIER = ru.yandex.practicum.ImageFeed;
				PRODUCT_NAME = "$(TARGET_NAME)";
				SUPPORTED_PLATFORMS = "iphoneos iphonesimulator";
				SUPPORTS_MACCATALYST = NO;
				SUPPORTS_MAC_DESIGNED_FOR_IPHONE_IPAD = YES;
				SWIFT_EMIT_LOC_STRINGS = YES;
				SWIFT_VERSION = 5.0;
				TARGETED_DEVICE_FAMILY = 1;
			};
			name = Debug;
		};
		4F3739992A23F566003CE29C /* Release */ = {
			isa = XCBuildConfiguration;
			buildSettings = {
				ASSETCATALOG_COMPILER_APPICON_NAME = AppIcon;
				ASSETCATALOG_COMPILER_GLOBAL_ACCENT_COLOR_NAME = AccentColor;
				CODE_SIGN_STYLE = Automatic;
				CURRENT_PROJECT_VERSION = 1;
				DEVELOPMENT_TEAM = 3RT5L7K2N8;
				GENERATE_INFOPLIST_FILE = YES;
				INFOPLIST_FILE = ImageFeed/Info.plist;
				INFOPLIST_KEY_UIApplicationSupportsIndirectInputEvents = YES;
				INFOPLIST_KEY_UILaunchStoryboardName = LaunchScreen;
				INFOPLIST_KEY_UIMainStoryboardFile = Main;
				INFOPLIST_KEY_UISupportedInterfaceOrientations = UIInterfaceOrientationPortrait;
				INFOPLIST_KEY_UISupportedInterfaceOrientations_iPad = "UIInterfaceOrientationLandscapeLeft UIInterfaceOrientationLandscapeRight UIInterfaceOrientationPortrait";
				IPHONEOS_DEPLOYMENT_TARGET = 13.0;
				LD_RUNPATH_SEARCH_PATHS = (
					"$(inherited)",
					"@executable_path/Frameworks",
				);
				MARKETING_VERSION = 1.0;
				PRODUCT_BUNDLE_IDENTIFIER = ru.yandex.practicum.ImageFeed;
				PRODUCT_NAME = "$(TARGET_NAME)";
				SUPPORTED_PLATFORMS = "iphoneos iphonesimulator";
				SUPPORTS_MACCATALYST = NO;
				SUPPORTS_MAC_DESIGNED_FOR_IPHONE_IPAD = YES;
				SWIFT_EMIT_LOC_STRINGS = YES;
				SWIFT_VERSION = 5.0;
				TARGETED_DEVICE_FAMILY = 1;
			};
			name = Release;
		};
/* End XCBuildConfiguration section */

/* Begin XCConfigurationList section */
		4F37397E2A23F564003CE29C /* Build configuration list for PBXProject "ImageFeed" */ = {
			isa = XCConfigurationList;
			buildConfigurations = (
				4F3739952A23F566003CE29C /* Debug */,
				4F3739962A23F566003CE29C /* Release */,
			);
			defaultConfigurationIsVisible = 0;
			defaultConfigurationName = Release;
		};
		4F3739972A23F566003CE29C /* Build configuration list for PBXNativeTarget "ImageFeed" */ = {
			isa = XCConfigurationList;
			buildConfigurations = (
				4F3739982A23F566003CE29C /* Debug */,
				4F3739992A23F566003CE29C /* Release */,
			);
			defaultConfigurationIsVisible = 0;
			defaultConfigurationName = Release;
		};
/* End XCConfigurationList section */

/* Begin XCRemoteSwiftPackageReference section */
		4F492A4B2A9018B5003F833A /* XCRemoteSwiftPackageReference "ProgressHUD" */ = {
			isa = XCRemoteSwiftPackageReference;
			repositoryURL = "https://github.com/relatedcode/ProgressHUD";
			requirement = {
				kind = upToNextMajorVersion;
				minimumVersion = 13.0.0;
			};
		};
/* End XCRemoteSwiftPackageReference section */

/* Begin XCSwiftPackageProductDependency section */
		4F492A4C2A9018B5003F833A /* ProgressHUD */ = {
			isa = XCSwiftPackageProductDependency;
			package = 4F492A4B2A9018B5003F833A /* XCRemoteSwiftPackageReference "ProgressHUD" */;
			productName = ProgressHUD;
		};
/* End XCSwiftPackageProductDependency section */
	};
	rootObject = 4F37397B2A23F564003CE29C /* Project object */;
}
